{
  "requires": true,
  "lockfileVersion": 1,
  "dependencies": {
    "tinymce": {
      "version": "6.4.1",
      "resolved": "https://registry.npmjs.org/tinymce/-/tinymce-6.4.1.tgz",
      "integrity": "sha512-+/cS2AM9l6p72IBs2uolHbGsBUztLs0WslqNgFaTXtmMksTNUOhh8p08xtA/fa03UGlWEC6/EJoeV95/QDXa2A=="
    }
  }
}
